
Microsoft Visual Studio Solution File, Format Version 12.00
# Visual Studio 14
VisualStudioVersion = 14.0.25123.0
MinimumVisualStudioVersion = 10.0.40219.1
Project("{64B9B0BA-20AB-4D57-B4C2-04A421FED9A8}") = "Sitecore.Support.93672.175502", "Sitecore.Support.93672.175502\Sitecore.Support.93672.175502.csproj", "{8B9F8B95-390E-4293-AC7A-C9E89B96E903}"
EndProject
Global
	GlobalSection(SolutionConfigurationPlatforms) = preSolution
		Debug|Any CPU = Debug|Any CPU
		Release|Any CPU = Release|Any CPU
	EndGlobalSection
	GlobalSection(ProjectConfigurationPlatforms) = postSolution
		{8B9F8B95-390E-4293-AC7A-C9E89B96E903}.Debug|Any CPU.ActiveCfg = Debug|Any CPU
		{8B9F8B95-390E-4293-AC7A-C9E89B96E903}.Debug|Any CPU.Build.0 = Debug|Any CPU
		{8B9F8B95-390E-4293-AC7A-C9E89B96E903}.Release|Any CPU.ActiveCfg = Release|Any CPU
		{8B9F8B95-390E-4293-AC7A-C9E89B96E903}.Release|Any CPU.Build.0 = Release|Any CPU
	EndGlobalSection
	GlobalSection(SolutionProperties) = preSolution
		HideSolutionNode = FALSE
	EndGlobalSection
EndGlobal
