
Microsoft Visual Studio Solution File, Format Version 12.00
# Visual Studio 14
VisualStudioVersion = 14.0.25123.0
MinimumVisualStudioVersion = 10.0.40219.1
Project("{C43A79E5-A9B3-44B8-A048-BBB12F6D5049}") = "Sitecore.Support.93672.175502", "Sitecore.Support.93672.175502\Sitecore.Support.93672.175502.csproj", "{C9B76160-A39C-4D00-8B5D-35B83E3390DF}"
EndProject
Global
	GlobalSection(SolutionConfigurationPlatforms) = preSolution
		Debug|Any CPU = Debug|Any CPU
		Release|Any CPU = Release|Any CPU
	EndGlobalSection
	GlobalSection(ProjectConfigurationPlatforms) = postSolution
		{C9B76160-A39C-4D00-8B5D-35B83E3390DF}.Debug|Any CPU.ActiveCfg = Debug|Any CPU
		{C9B76160-A39C-4D00-8B5D-35B83E3390DF}.Debug|Any CPU.Build.0 = Debug|Any CPU
		{C9B76160-A39C-4D00-8B5D-35B83E3390DF}.Release|Any CPU.ActiveCfg = Release|Any CPU
		{C9B76160-A39C-4D00-8B5D-35B83E3390DF}.Release|Any CPU.Build.0 = Release|Any CPU
	EndGlobalSection
	GlobalSection(SolutionProperties) = preSolution
		HideSolutionNode = FALSE
	EndGlobalSection
EndGlobal
